github.com/davecgh/go-spew v1.1.0 h1:ZDRjVQ15GmhC3fiQ8ni8+OwkZQO4DARzQgrnXU1Liz8=
github.com/davecgh/go-spew v1.1.0/go.mod h1:J7Y8YcW2NihsgmVo/mv3lAwl/skON4iLHjSsI+c5H38=
github.com/go-sql-driver/mysql v1.4.0/go.mod h1:zAC/RDZ24gD3HViQzih4MyKcchzm+sOG5ZlKdlhCg5w=
github.com/gorilla/context v1.1.1/go.mod h1:kBGZzfjB9CEq2AlWe17Uuf7NDRt0dE0s8S51q0aT7Yg=
github.com/gorilla/mux v1.6.3-0.20190108142930-08e7f807d38d h1:mksP7mUlZu0fpgMVMfDnaVvErqRL05HM3Kk+rBkZK54=
github.com/gorilla/mux v1.6.3-0.20190108142930-08e7f807d38d/go.mod h1:1lud6UwP+6orDFRuTfBEV8e9/aOM/c4fVVCaMa2zaAs=
github.com/gorilla/securecookie v1.1.1/go.mod h1:ra0sb63/xPlUeL+yeDciTfxMRAA+MP+HVt/4epWDjd4=
github.com/gorilla/securecookie v1.1.2-0.20181010174647-e65cf8c5df81 h1:P61QOwk47NPUmB1GnO0LxMWGyiDlYUTCrLGkNK7oA40=
github.com/gorilla/securecookie v1.1.2-0.20181010174647-e65cf8c5df81/go.mod h1:ra0sb63/xPlUeL+yeDciTfxMRAA+MP+HVt/4epWDjd4=
github.com/gorilla/sessions v1.1.4-0.20181208214519-12bd4761fc66 h1:2i3OrAjARC9UWJ/mie/5liA3dOcO9hcXIe0QHQLrTQ0=
github.com/gorilla/sessions v1.1.4-0.20181208214519-12bd4761fc66/go.mod h1:Ieo8HYsV0qN9WIJeic1HRzDxX9UY5BkplHncRmmZPwU=
github.com/gorilla/websocket v1.4.1-0.20190306004257-0ec3d1bd7fe5 h1:cLS9qwFWZrZdPiVVz9fk0FzhXbsENc8zqiUKcWrGFtk=
github.com/gorilla/websocket v1.4.1-0.20190306004257-0ec3d1bd7fe5/go.mod h1:E7qHFY5m1UJ88s3WnNqhKjPHQ0heANvMoAMk2YaljkQ=
github.com/jmoiron/sqlx v1.2.1-0.20181024163419-82935fac6c1a h1:7F1aETmIWwSQAv4S2415VrWj9eJyxR3epEEb6O5isgA=
github.com/jmoiron/sqlx v1.2.1-0.20181024163419-82935fac6c1a/go.mod h1:1FEQNm3xlJgrMD+FBdI9+xvCksHtbpVBBw5dYhBSsks=
github.com/lib/pq v1.0.0/go.mod h1:5WUZQaWbwv1U+lTReE5YruASi9Al49XbQIvNi/34Woo=
github.com/mattn/go-sqlite3 v1.9.0/go.mod h1:FPy6KqzDD04eiIsT53CuJW3U88zkxoIYsOqkbpncsNc=
github.com/mattn/go-sqlite3 v1.10.1-0.20190104161712-3fa1c550ffa6 h1:uSQ5VAL2j81aIB0IbzqusOXcnANmsekQ0m3u0J7is4o=
github.com/mattn/go-sqlite3 v1.10.1-0.20190104161712-3fa1c550ffa6/go.mod h1:FPy6KqzDD04eiIsT53CuJW3U88zkxoIYsOqkbpncsNc=
github.com/pmezard/go-difflib v1.0.0 h1:4DBwDE0NGyQoBHbLQYPwSUPoCMWR5BEzIk/f1lZbAQM=
github.com/pmezard/go-difflib v1.0.0/go.mod h1:iKH77koFhYxTK1pcRnkKkqfTogsbg7gZNVY4sRDYZ/4=
github.com/stretchr/objx v0.1.0/go.mod h1:HFkY916IF+rwdDfMAkV7OtwuqBVzrE8GR6GFx+wExME=
github.com/stretchr/testify v1.3.1-0.20190109162356-363ebb24d041 h1:/8BeG8ppzttbNYq43j+0izFSyhj3rXBQIQQTju6WC/I=
github.com/stretchr/testify v1.3.1-0.20190109162356-363ebb24d041/go.mod h1:M5WIy9Dh21IEIfnGCwXGc5bZfKNJtfHm1UVUgZn+9EI=
golang.org/x/crypto v0.0.0-20190103213133-ff983b9c42bc h1:F5tKCVGp+MUAHhKp5MZtGqAlGX3+oCsiL1Q629FL90M=
golang.org/x/crypto v0.0.0-20190103213133-ff983b9c42bc/go.mod h1:6SG95UA2DQfeDnfUPMdvaQW0Q7yPrPDi9nlGo2tz2b4=
